
Microsoft Visual Studio Solution File, Format Version 12.00
# Visual Studio Version 16
VisualStudioVersion = 16.0.31205.134
MinimumVisualStudioVersion = 10.0.40219.1
Project("{FAE04EC0-301F-11D3-BF4B-00C04F79EFBC}") = "MiniBankaProje", "MiniBankaProje\MiniBankaProje.csproj", "{1490D3B0-6C30-4956-BF8C-81DDA96F9661}"
EndProject
Global
	GlobalSection(SolutionConfigurationPlatforms) = preSolution
		Debug|Any CPU = Debug|Any CPU
		Release|Any CPU = Release|Any CPU
	EndGlobalSection
	GlobalSection(ProjectConfigurationPlatforms) = postSolution
		{1490D3B0-6C30-4956-BF8C-81DDA96F9661}.Debug|Any CPU.ActiveCfg = Debug|Any CPU
		{1490D3B0-6C30-4956-BF8C-81DDA96F9661}.Debug|Any CPU.Build.0 = Debug|Any CPU
		{1490D3B0-6C30-4956-BF8C-81DDA96F9661}.Release|Any CPU.ActiveCfg = Release|Any CPU
		{1490D3B0-6C30-4956-BF8C-81DDA96F9661}.Release|Any CPU.Build.0 = Release|Any CPU
	EndGlobalSection
	GlobalSection(SolutionProperties) = preSolution
		HideSolutionNode = FALSE
	EndGlobalSection
	GlobalSection(ExtensibilityGlobals) = postSolution
		SolutionGuid = {AC7FD33F-DEE6-4B4E-8BFB-D90B2D817CE1}
	EndGlobalSection
EndGlobal
