
Microsoft Visual Studio Solution File, Format Version 12.00
# Visual Studio Version 16
VisualStudioVersion = 16.0.30907.101
MinimumVisualStudioVersion = 10.0.40219.1
Project("{FAE04EC0-301F-11D3-BF4B-00C04F79EFBC}") = "Ders1", "Ders1\Ders1.csproj", "{529C81B7-1B57-4F2F-BC60-1C24ED6333FD}"
EndProject
Global
	GlobalSection(SolutionConfigurationPlatforms) = preSolution
		Debug|Any CPU = Debug|Any CPU
		Release|Any CPU = Release|Any CPU
	EndGlobalSection
	GlobalSection(ProjectConfigurationPlatforms) = postSolution
		{529C81B7-1B57-4F2F-BC60-1C24ED6333FD}.Debug|Any CPU.ActiveCfg = Debug|Any CPU
		{529C81B7-1B57-4F2F-BC60-1C24ED6333FD}.Debug|Any CPU.Build.0 = Debug|Any CPU
		{529C81B7-1B57-4F2F-BC60-1C24ED6333FD}.Release|Any CPU.ActiveCfg = Release|Any CPU
		{529C81B7-1B57-4F2F-BC60-1C24ED6333FD}.Release|Any CPU.Build.0 = Release|Any CPU
	EndGlobalSection
	GlobalSection(SolutionProperties) = preSolution
		HideSolutionNode = FALSE
	EndGlobalSection
	GlobalSection(ExtensibilityGlobals) = postSolution
		SolutionGuid = {FDC6F7B2-2B30-4332-A2CE-EF08E4A83517}
	EndGlobalSection
EndGlobal
